[[package]]
name = "graphviz"
version = "0.17"
description = "Simple Python interface for Graphviz"
category = "main"
optional = false
python-versions = ">=3.6"

[package.extras]
dev = ["tox (>=3)", "flake8", "pep8-naming", "wheel", "twine"]
docs = ["sphinx (>=1.8)", "sphinx-autodoc-typehints", "sphinx-rtd-theme"]
test = ["mock (>=3)", "pytest (>=5.2)", "pytest-mock (>=2)", "pytest-cov"]

[metadata]
lock-version = "1.1"
python-versions = "^3.9"
content-hash = "cf858be8c78e1c13e3f984e070814c4c09dbf94c60107f0b517ece87ceb5488a"

[metadata.files]
graphviz = [
    {file = "graphviz-0.17-py3-none-any.whl", hash = "sha256:5dadec94046d82adaae6019311a30e0487536d9d5a60d85451f0ba32f9fc6559"},
    {file = "graphviz-0.17.zip", hash = "sha256:ef6e2c5deb9cdcc0c7eece1d89625fd07b0f2208ea2bcb483520907ddf8b4e12"},
]
